// !$*UTF8*$!
{
	archiveVersion = 1;
	classes = {
	};
	objectVersion = 50;
	objects = {

/* Begin PBXBuildFile section */
		0ED823E9A24C716618B725E6 /* Pods_RTFM.framework in Frameworks */ = {isa = PBXBuildFile; fileRef = A2B668E67F363CC8169314F3 /* Pods_RTFM.framework */; };
		84287B7922ACEF4C00A3A234 /* UIViewControllerExtensions.swift in Sources */ = {isa = PBXBuildFile; fileRef = 84287B7822ACEF4C00A3A234 /* UIViewControllerExtensions.swift */; };
		84287B7B22ACF9E700A3A234 /* RechargeViewController.swift in Sources */ = {isa = PBXBuildFile; fileRef = 84287B7A22ACF9E700A3A234 /* RechargeViewController.swift */; };
		846869DE22AB88FA00970EAB /* AppDelegate.swift in Sources */ = {isa = PBXBuildFile; fileRef = 846869DD22AB88FA00970EAB /* AppDelegate.swift */; };
		846869E022AB88FA00970EAB /* MainViewController.swift in Sources */ = {isa = PBXBuildFile; fileRef = 846869DF22AB88FA00970EAB /* MainViewController.swift */; };
		846869E322AB88FA00970EAB /* Main.storyboard in Resources */ = {isa = PBXBuildFile; fileRef = 846869E122AB88FA00970EAB /* Main.storyboard */; };
		846869E622AB88FA00970EAB /* RTFM.xcdatamodeld in Sources */ = {isa = PBXBuildFile; fileRef = 846869E422AB88FA00970EAB /* RTFM.xcdatamodeld */; };
		846869E822AB88FB00970EAB /* Assets.xcassets in Resources */ = {isa = PBXBuildFile; fileRef = 846869E722AB88FB00970EAB /* Assets.xcassets */; };
		846869EB22AB88FB00970EAB /* LaunchScreen.storyboard in Resources */ = {isa = PBXBuildFile; fileRef = 846869E922AB88FB00970EAB /* LaunchScreen.storyboard */; };
		84EF5F7422AB8EE9001005AA /* ApiRequest.swift in Sources */ = {isa = PBXBuildFile; fileRef = 84EF5F7322AB8EE9001005AA /* ApiRequest.swift */; };
		84EF5F7622AB8F0F001005AA /* BaseError.swift in Sources */ = {isa = PBXBuildFile; fileRef = 84EF5F7522AB8F0F001005AA /* BaseError.swift */; };
		84EF5F7822AB8F4C001005AA /* ApiResponseModel.swift in Sources */ = {isa = PBXBuildFile; fileRef = 84EF5F7722AB8F4C001005AA /* ApiResponseModel.swift */; };
		84EF5F7A22AB918F001005AA /* ApiHostManager.swift in Sources */ = {isa = PBXBuildFile; fileRef = 84EF5F7922AB918F001005AA /* ApiHostManager.swift */; };
		84EF5F7C22AB92F0001005AA /* Queue.swift in Sources */ = {isa = PBXBuildFile; fileRef = 84EF5F7B22AB92F0001005AA /* Queue.swift */; };
		84EF5F7F22AB950F001005AA /* LocalizationManager.swift in Sources */ = {isa = PBXBuildFile; fileRef = 84EF5F7E22AB950F001005AA /* LocalizationManager.swift */; };
		84EF5F8122AB95A6001005AA /* UIDeviceExtensions.swift in Sources */ = {isa = PBXBuildFile; fileRef = 84EF5F8022AB95A6001005AA /* UIDeviceExtensions.swift */; };
		84EF5F8422AB963D001005AA /* AuthManager.swift in Sources */ = {isa = PBXBuildFile; fileRef = 84EF5F8322AB963D001005AA /* AuthManager.swift */; };
		84EF5F8622AB9754001005AA /* ApiRequestEncoding.swift in Sources */ = {isa = PBXBuildFile; fileRef = 84EF5F8522AB9754001005AA /* ApiRequestEncoding.swift */; };
		84EF5F8822AB9891001005AA /* ApiRequestsQueueManager.swift in Sources */ = {isa = PBXBuildFile; fileRef = 84EF5F8722AB9891001005AA /* ApiRequestsQueueManager.swift */; };
		84EF5F8A22AB98CA001005AA /* InternetConnectionManager.swift in Sources */ = {isa = PBXBuildFile; fileRef = 84EF5F8922AB98CA001005AA /* InternetConnectionManager.swift */; };
		84EF5F8F22AB992D001005AA /* Reachability.m in Sources */ = {isa = PBXBuildFile; fileRef = 84EF5F8D22AB992D001005AA /* Reachability.m */; };
		84EF5F9122ABAC88001005AA /* ApiRequestDecoding.swift in Sources */ = {isa = PBXBuildFile; fileRef = 84EF5F9022ABAC88001005AA /* ApiRequestDecoding.swift */; };
		84EF5F9322ABBA7F001005AA /* DataExtensions.swift in Sources */ = {isa = PBXBuildFile; fileRef = 84EF5F9222ABBA7F001005AA /* DataExtensions.swift */; };
		84EF5F9522ABC44D001005AA /* QRScannerViewController.swift in Sources */ = {isa = PBXBuildFile; fileRef = 84EF5F9422ABC44D001005AA /* QRScannerViewController.swift */; };
		84EF5F9722ABC4B5001005AA /* UIStoryboardExtensions.swift in Sources */ = {isa = PBXBuildFile; fileRef = 84EF5F9622ABC4B5001005AA /* UIStoryboardExtensions.swift */; };
		84EF5F9922ABD179001005AA /* MainNavigationViewController.swift in Sources */ = {isa = PBXBuildFile; fileRef = 84EF5F9822ABD179001005AA /* MainNavigationViewController.swift */; };
		84EF5F9F22ABDEB9001005AA /* TransactionsViewController.swift in Sources */ = {isa = PBXBuildFile; fileRef = 84EF5F9E22ABDEB9001005AA /* TransactionsViewController.swift */; };
		84EF5FA522ABF15D001005AA /* Sarabun-BoldItalic.ttf in Resources */ = {isa = PBXBuildFile; fileRef = 84EF5FA122ABF15C001005AA /* Sarabun-BoldItalic.ttf */; };
		84EF5FA622ABF15D001005AA /* Sarabun-Italic.ttf in Resources */ = {isa = PBXBuildFile; fileRef = 84EF5FA222ABF15C001005AA /* Sarabun-Italic.ttf */; };
		84EF5FA722ABF15D001005AA /* Sarabun-Regular.ttf in Resources */ = {isa = PBXBuildFile; fileRef = 84EF5FA322ABF15D001005AA /* Sarabun-Regular.ttf */; };
		84EF5FA922ABF1B4001005AA /* Sarabun-Bold.ttf in Resources */ = {isa = PBXBuildFile; fileRef = 84EF5FA422ABF15D001005AA /* Sarabun-Bold.ttf */; };
		84EF5FAB22ABF5EC001005AA /* Sarabun-SemiBold.ttf in Resources */ = {isa = PBXBuildFile; fileRef = 84EF5FAA22ABF5EC001005AA /* Sarabun-SemiBold.ttf */; };
		84EF5FB022AC0CE4001005AA /* TransactionsManager.swift in Sources */ = {isa = PBXBuildFile; fileRef = 84EF5FAF22AC0CE4001005AA /* TransactionsManager.swift */; };
		84EF5FB222AC0E47001005AA /* Api.swift in Sources */ = {isa = PBXBuildFile; fileRef = 84EF5FB122AC0E47001005AA /* Api.swift */; };
		84EF5FB422AC0F54001005AA /* ApiProtobufResponseModel.swift in Sources */ = {isa = PBXBuildFile; fileRef = 84EF5FB322AC0F54001005AA /* ApiProtobufResponseModel.swift */; };
		84EF5FB622AC0F81001005AA /* ApiSuccessEmptyResponse.swift in Sources */ = {isa = PBXBuildFile; fileRef = 84EF5FB522AC0F81001005AA /* ApiSuccessEmptyResponse.swift */; };
		84EF5FB822AC115B001005AA /* db_models.pb.swift in Sources */ = {isa = PBXBuildFile; fileRef = 84EF5FB722AC115B001005AA /* db_models.pb.swift */; };
		84EF5FBA22AC16FF001005AA /* empty.pb.swift in Sources */ = {isa = PBXBuildFile; fileRef = 84EF5FB922AC16FE001005AA /* empty.pb.swift */; };
		84EF5FBC22AC2DD0001005AA /* other_models.pb.swift in Sources */ = {isa = PBXBuildFile; fileRef = 84EF5FBB22AC2DD0001005AA /* other_models.pb.swift */; };
		84EF5FBF22AC3321001005AA /* DayPayments.swift in Sources */ = {isa = PBXBuildFile; fileRef = 84EF5FBE22AC3321001005AA /* DayPayments.swift */; };
		84EF5FC122AC626B001005AA /* QRCodeManager.swift in Sources */ = {isa = PBXBuildFile; fileRef = 84EF5FC022AC626B001005AA /* QRCodeManager.swift */; };
		84EF5FC322AC637F001005AA /* QRPresentorViewController.swift in Sources */ = {isa = PBXBuildFile; fileRef = 84EF5FC222AC637F001005AA /* QRPresentorViewController.swift */; };
		84EF5FC522ACE73B001005AA /* PaymentViewController.swift in Sources */ = {isa = PBXBuildFile; fileRef = 84EF5FC422ACE73B001005AA /* PaymentViewController.swift */; };
/* End PBXBuildFile section */

/* Begin PBXFileReference section */
		84287B7822ACEF4C00A3A234 /* UIViewControllerExtensions.swift */ = {isa = PBXFileReference; lastKnownFileType = sourcecode.swift; path = UIViewControllerExtensions.swift; sourceTree = "<group>"; };
		84287B7A22ACF9E700A3A234 /* RechargeViewController.swift */ = {isa = PBXFileReference; lastKnownFileType = sourcecode.swift; path = RechargeViewController.swift; sourceTree = "<group>"; };
		846869DA22AB88FA00970EAB /* RTFM.app */ = {isa = PBXFileReference; explicitFileType = wrapper.application; includeInIndex = 0; path = RTFM.app; sourceTree = BUILT_PRODUCTS_DIR; };
		846869DD22AB88FA00970EAB /* AppDelegate.swift */ = {isa = PBXFileReference; lastKnownFileType = sourcecode.swift; path = AppDelegate.swift; sourceTree = "<group>"; };
		846869DF22AB88FA00970EAB /* MainViewController.swift */ = {isa = PBXFileReference; lastKnownFileType = sourcecode.swift; path = MainViewController.swift; sourceTree = "<group>"; };
		846869E222AB88FA00970EAB /* Base */ = {isa = PBXFileReference; lastKnownFileType = file.storyboard; name = Base; path = Base.lproj/Main.storyboard; sourceTree = "<group>"; };
		846869E522AB88FA00970EAB /* RTFM.xcdatamodel */ = {isa = PBXFileReference; lastKnownFileType = wrapper.xcdatamodel; path = RTFM.xcdatamodel; sourceTree = "<group>"; };
		846869E722AB88FB00970EAB /* Assets.xcassets */ = {isa = PBXFileReference; lastKnownFileType = folder.assetcatalog; path = Assets.xcassets; sourceTree = "<group>"; };
		846869EA22AB88FB00970EAB /* Base */ = {isa = PBXFileReference; lastKnownFileType = file.storyboard; name = Base; path = Base.lproj/LaunchScreen.storyboard; sourceTree = "<group>"; };
		846869EC22AB88FB00970EAB /* Info.plist */ = {isa = PBXFileReference; lastKnownFileType = text.plist.xml; path = Info.plist; sourceTree = "<group>"; };
		84EF5F7322AB8EE9001005AA /* ApiRequest.swift */ = {isa = PBXFileReference; lastKnownFileType = sourcecode.swift; path = ApiRequest.swift; sourceTree = "<group>"; };
		84EF5F7522AB8F0F001005AA /* BaseError.swift */ = {isa = PBXFileReference; lastKnownFileType = sourcecode.swift; path = BaseError.swift; sourceTree = "<group>"; };
		84EF5F7722AB8F4C001005AA /* ApiResponseModel.swift */ = {isa = PBXFileReference; lastKnownFileType = sourcecode.swift; path = ApiResponseModel.swift; sourceTree = "<group>"; };
		84EF5F7922AB918F001005AA /* ApiHostManager.swift */ = {isa = PBXFileReference; lastKnownFileType = sourcecode.swift; path = ApiHostManager.swift; sourceTree = "<group>"; };
		84EF5F7B22AB92F0001005AA /* Queue.swift */ = {isa = PBXFileReference; lastKnownFileType = sourcecode.swift; path = Queue.swift; sourceTree = "<group>"; };
		84EF5F7E22AB950F001005AA /* LocalizationManager.swift */ = {isa = PBXFileReference; lastKnownFileType = sourcecode.swift; path = LocalizationManager.swift; sourceTree = "<group>"; };
		84EF5F8022AB95A6001005AA /* UIDeviceExtensions.swift */ = {isa = PBXFileReference; lastKnownFileType = sourcecode.swift; path = UIDeviceExtensions.swift; sourceTree = "<group>"; };
		84EF5F8322AB963D001005AA /* AuthManager.swift */ = {isa = PBXFileReference; lastKnownFileType = sourcecode.swift; path = AuthManager.swift; sourceTree = "<group>"; };
		84EF5F8522AB9754001005AA /* ApiRequestEncoding.swift */ = {isa = PBXFileReference; lastKnownFileType = sourcecode.swift; path = ApiRequestEncoding.swift; sourceTree = "<group>"; };
		84EF5F8722AB9891001005AA /* ApiRequestsQueueManager.swift */ = {isa = PBXFileReference; lastKnownFileType = sourcecode.swift; path = ApiRequestsQueueManager.swift; sourceTree = "<group>"; };
		84EF5F8922AB98CA001005AA /* InternetConnectionManager.swift */ = {isa = PBXFileReference; lastKnownFileType = sourcecode.swift; path = InternetConnectionManager.swift; sourceTree = "<group>"; };
		84EF5F8C22AB992C001005AA /* RTFM-Bridging-Header.h */ = {isa = PBXFileReference; lastKnownFileType = sourcecode.c.h; path = "RTFM-Bridging-Header.h"; sourceTree = "<group>"; };
		84EF5F8D22AB992D001005AA /* Reachability.m */ = {isa = PBXFileReference; fileEncoding = 4; lastKnownFileType = sourcecode.c.objc; path = Reachability.m; sourceTree = "<group>"; };
		84EF5F8E22AB992D001005AA /* Reachability.h */ = {isa = PBXFileReference; fileEncoding = 4; lastKnownFileType = sourcecode.c.h; path = Reachability.h; sourceTree = "<group>"; };
		84EF5F9022ABAC88001005AA /* ApiRequestDecoding.swift */ = {isa = PBXFileReference; lastKnownFileType = sourcecode.swift; path = ApiRequestDecoding.swift; sourceTree = "<group>"; };
		84EF5F9222ABBA7F001005AA /* DataExtensions.swift */ = {isa = PBXFileReference; lastKnownFileType = sourcecode.swift; path = DataExtensions.swift; sourceTree = "<group>"; };
		84EF5F9422ABC44D001005AA /* QRScannerViewController.swift */ = {isa = PBXFileReference; lastKnownFileType = sourcecode.swift; path = QRScannerViewController.swift; sourceTree = "<group>"; };
		84EF5F9622ABC4B5001005AA /* UIStoryboardExtensions.swift */ = {isa = PBXFileReference; lastKnownFileType = sourcecode.swift; path = UIStoryboardExtensions.swift; sourceTree = "<group>"; };
		84EF5F9822ABD179001005AA /* MainNavigationViewController.swift */ = {isa = PBXFileReference; lastKnownFileType = sourcecode.swift; path = MainNavigationViewController.swift; sourceTree = "<group>"; };
		84EF5F9E22ABDEB9001005AA /* TransactionsViewController.swift */ = {isa = PBXFileReference; lastKnownFileType = sourcecode.swift; path = TransactionsViewController.swift; sourceTree = "<group>"; };
		84EF5FA122ABF15C001005AA /* Sarabun-BoldItalic.ttf */ = {isa = PBXFileReference; lastKnownFileType = file; path = "Sarabun-BoldItalic.ttf"; sourceTree = "<group>"; };
		84EF5FA222ABF15C001005AA /* Sarabun-Italic.ttf */ = {isa = PBXFileReference; lastKnownFileType = file; path = "Sarabun-Italic.ttf"; sourceTree = "<group>"; };
		84EF5FA322ABF15D001005AA /* Sarabun-Regular.ttf */ = {isa = PBXFileReference; lastKnownFileType = file; path = "Sarabun-Regular.ttf"; sourceTree = "<group>"; };
		84EF5FA422ABF15D001005AA /* Sarabun-Bold.ttf */ = {isa = PBXFileReference; lastKnownFileType = file; path = "Sarabun-Bold.ttf"; sourceTree = "<group>"; };
		84EF5FAA22ABF5EC001005AA /* Sarabun-SemiBold.ttf */ = {isa = PBXFileReference; lastKnownFileType = file; path = "Sarabun-SemiBold.ttf"; sourceTree = "<group>"; };
		84EF5FAF22AC0CE4001005AA /* TransactionsManager.swift */ = {isa = PBXFileReference; lastKnownFileType = sourcecode.swift; path = TransactionsManager.swift; sourceTree = "<group>"; };
		84EF5FB122AC0E47001005AA /* Api.swift */ = {isa = PBXFileReference; lastKnownFileType = sourcecode.swift; path = Api.swift; sourceTree = "<group>"; };
		84EF5FB322AC0F54001005AA /* ApiProtobufResponseModel.swift */ = {isa = PBXFileReference; lastKnownFileType = sourcecode.swift; path = ApiProtobufResponseModel.swift; sourceTree = "<group>"; };
		84EF5FB522AC0F81001005AA /* ApiSuccessEmptyResponse.swift */ = {isa = PBXFileReference; lastKnownFileType = sourcecode.swift; path = ApiSuccessEmptyResponse.swift; sourceTree = "<group>"; };
		84EF5FB722AC115B001005AA /* db_models.pb.swift */ = {isa = PBXFileReference; fileEncoding = 4; lastKnownFileType = sourcecode.swift; path = db_models.pb.swift; sourceTree = "<group>"; };
		84EF5FB922AC16FE001005AA /* empty.pb.swift */ = {isa = PBXFileReference; fileEncoding = 4; lastKnownFileType = sourcecode.swift; path = empty.pb.swift; sourceTree = "<group>"; };
		84EF5FBB22AC2DD0001005AA /* other_models.pb.swift */ = {isa = PBXFileReference; fileEncoding = 4; lastKnownFileType = sourcecode.swift; path = other_models.pb.swift; sourceTree = "<group>"; };
		84EF5FBE22AC3321001005AA /* DayPayments.swift */ = {isa = PBXFileReference; lastKnownFileType = sourcecode.swift; path = DayPayments.swift; sourceTree = "<group>"; };
		84EF5FC022AC626B001005AA /* QRCodeManager.swift */ = {isa = PBXFileReference; lastKnownFileType = sourcecode.swift; path = QRCodeManager.swift; sourceTree = "<group>"; };
		84EF5FC222AC637F001005AA /* QRPresentorViewController.swift */ = {isa = PBXFileReference; lastKnownFileType = sourcecode.swift; path = QRPresentorViewController.swift; sourceTree = "<group>"; };
		84EF5FC422ACE73B001005AA /* PaymentViewController.swift */ = {isa = PBXFileReference; lastKnownFileType = sourcecode.swift; path = PaymentViewController.swift; sourceTree = "<group>"; };
		A2B668E67F363CC8169314F3 /* Pods_RTFM.framework */ = {isa = PBXFileReference; explicitFileType = wrapper.framework; includeInIndex = 0; path = Pods_RTFM.framework; sourceTree = BUILT_PRODUCTS_DIR; };
		AB1FA68045B8B2E39652F83E /* Pods-RTFM.release.xcconfig */ = {isa = PBXFileReference; includeInIndex = 1; lastKnownFileType = text.xcconfig; name = "Pods-RTFM.release.xcconfig"; path = "Target Support Files/Pods-RTFM/Pods-RTFM.release.xcconfig"; sourceTree = "<group>"; };
		E933BA80FA10CB64A3264672 /* Pods-RTFM.debug.xcconfig */ = {isa = PBXFileReference; includeInIndex = 1; lastKnownFileType = text.xcconfig; name = "Pods-RTFM.debug.xcconfig"; path = "Target Support Files/Pods-RTFM/Pods-RTFM.debug.xcconfig"; sourceTree = "<group>"; };
/* End PBXFileReference section */

/* Begin PBXFrameworksBuildPhase section */
		846869D722AB88FA00970EAB /* Frameworks */ = {
			isa = PBXFrameworksBuildPhase;
			buildActionMask = 2147483647;
			files = (
				0ED823E9A24C716618B725E6 /* Pods_RTFM.framework in Frameworks */,
			);
			runOnlyForDeploymentPostprocessing = 0;
		};
/* End PBXFrameworksBuildPhase section */

/* Begin PBXGroup section */
		39237175117B3C21979129B0 /* Frameworks */ = {
			isa = PBXGroup;
			children = (
				A2B668E67F363CC8169314F3 /* Pods_RTFM.framework */,
			);
			name = Frameworks;
			sourceTree = "<group>";
		};
		846869D122AB88FA00970EAB = {
			isa = PBXGroup;
			children = (
				846869DC22AB88FA00970EAB /* RTFM */,
				846869DB22AB88FA00970EAB /* Products */,
				8A11AEC9F4CD53CBA3B43DB9 /* Pods */,
				39237175117B3C21979129B0 /* Frameworks */,
			);
			sourceTree = "<group>";
		};
		846869DB22AB88FA00970EAB /* Products */ = {
			isa = PBXGroup;
			children = (
				846869DA22AB88FA00970EAB /* RTFM.app */,
			);
			name = Products;
			sourceTree = "<group>";
		};
		846869DC22AB88FA00970EAB /* RTFM */ = {
			isa = PBXGroup;
			children = (
				846869E122AB88FA00970EAB /* Main.storyboard */,
				846869DD22AB88FA00970EAB /* AppDelegate.swift */,
				84EF5F8B22AB991F001005AA /* Vendors */,
				84EF5F8222AB95AA001005AA /* Extensions */,
				84EF5F7D22AB9503001005AA /* Managers */,
				84EF5F7222AB8EC5001005AA /* Base */,
				84EF5FBD22AC32E2001005AA /* Models */,
				84EF5F6E22AB8E89001005AA /* API */,
				84EF5F9A22ABD189001005AA /* ViewControllers */,
				84EF5F6B22AB8DF4001005AA /* SupportedFiles */,
			);
			path = RTFM;
			sourceTree = "<group>";
		};
		84EF5F6B22AB8DF4001005AA /* SupportedFiles */ = {
			isa = PBXGroup;
			children = (
				84EF5FA022ABF14C001005AA /* Font */,
				84EF5F8C22AB992C001005AA /* RTFM-Bridging-Header.h */,
				846869E722AB88FB00970EAB /* Assets.xcassets */,
				846869E922AB88FB00970EAB /* LaunchScreen.storyboard */,
				846869EC22AB88FB00970EAB /* Info.plist */,
				846869E422AB88FA00970EAB /* RTFM.xcdatamodeld */,
			);
			name = SupportedFiles;
			sourceTree = "<group>";
		};
		84EF5F6E22AB8E89001005AA /* API */ = {
			isa = PBXGroup;
			children = (
				84EF5FB122AC0E47001005AA /* Api.swift */,
				84EF5FAC22AC012E001005AA /* Protobuf */,
				84EF5F7322AB8EE9001005AA /* ApiRequest.swift */,
				84EF5F7722AB8F4C001005AA /* ApiResponseModel.swift */,
				84EF5F8522AB9754001005AA /* ApiRequestEncoding.swift */,
				84EF5F9022ABAC88001005AA /* ApiRequestDecoding.swift */,
				84EF5FB322AC0F54001005AA /* ApiProtobufResponseModel.swift */,
				84EF5FB522AC0F81001005AA /* ApiSuccessEmptyResponse.swift */,
			);
			path = API;
			sourceTree = "<group>";
		};
		84EF5F7222AB8EC5001005AA /* Base */ = {
			isa = PBXGroup;
			children = (
				84EF5F7522AB8F0F001005AA /* BaseError.swift */,
				84EF5F7B22AB92F0001005AA /* Queue.swift */,
			);
			path = Base;
			sourceTree = "<group>";
		};
		84EF5F7D22AB9503001005AA /* Managers */ = {
			isa = PBXGroup;
			children = (
				84EF5F8322AB963D001005AA /* AuthManager.swift */,
				84EF5F7922AB918F001005AA /* ApiHostManager.swift */,
				84EF5F7E22AB950F001005AA /* LocalizationManager.swift */,
				84EF5F8722AB9891001005AA /* ApiRequestsQueueManager.swift */,
				84EF5F8922AB98CA001005AA /* InternetConnectionManager.swift */,
				84EF5FAF22AC0CE4001005AA /* TransactionsManager.swift */,
				84EF5FC022AC626B001005AA /* QRCodeManager.swift */,
			);
			path = Managers;
			sourceTree = "<group>";
		};
		84EF5F8222AB95AA001005AA /* Extensions */ = {
			isa = PBXGroup;
			children = (
				84EF5F8022AB95A6001005AA /* UIDeviceExtensions.swift */,
				84EF5F9222ABBA7F001005AA /* DataExtensions.swift */,
				84EF5F9622ABC4B5001005AA /* UIStoryboardExtensions.swift */,
				84287B7822ACEF4C00A3A234 /* UIViewControllerExtensions.swift */,
			);
			path = Extensions;
			sourceTree = "<group>";
		};
		84EF5F8B22AB991F001005AA /* Vendors */ = {
			isa = PBXGroup;
			children = (
				84EF5F8E22AB992D001005AA /* Reachability.h */,
				84EF5F8D22AB992D001005AA /* Reachability.m */,
			);
			path = Vendors;
			sourceTree = "<group>";
		};
		84EF5F9A22ABD189001005AA /* ViewControllers */ = {
			isa = PBXGroup;
			children = (
				84EF5F9822ABD179001005AA /* MainNavigationViewController.swift */,
				846869DF22AB88FA00970EAB /* MainViewController.swift */,
				84EF5F9422ABC44D001005AA /* QRScannerViewController.swift */,
				84EF5F9E22ABDEB9001005AA /* TransactionsViewController.swift */,
				84EF5FC222AC637F001005AA /* QRPresentorViewController.swift */,
				84EF5FC422ACE73B001005AA /* PaymentViewController.swift */,
				84287B7A22ACF9E700A3A234 /* RechargeViewController.swift */,
			);
			path = ViewControllers;
			sourceTree = "<group>";
		};
		84EF5FA022ABF14C001005AA /* Font */ = {
			isa = PBXGroup;
			children = (
				84EF5FAA22ABF5EC001005AA /* Sarabun-SemiBold.ttf */,
				84EF5FA422ABF15D001005AA /* Sarabun-Bold.ttf */,
				84EF5FA122ABF15C001005AA /* Sarabun-BoldItalic.ttf */,
				84EF5FA222ABF15C001005AA /* Sarabun-Italic.ttf */,
				84EF5FA322ABF15D001005AA /* Sarabun-Regular.ttf */,
			);
			path = Font;
			sourceTree = "<group>";
		};
		84EF5FAC22AC012E001005AA /* Protobuf */ = {
			isa = PBXGroup;
			children = (
				84EF5FB922AC16FE001005AA /* empty.pb.swift */,
				84EF5FBB22AC2DD0001005AA /* other_models.pb.swift */,
				84EF5FB722AC115B001005AA /* db_models.pb.swift */,
			);
			path = Protobuf;
			sourceTree = "<group>";
		};
		84EF5FBD22AC32E2001005AA /* Models */ = {
			isa = PBXGroup;
			children = (
				84EF5FBE22AC3321001005AA /* DayPayments.swift */,
			);
			path = Models;
			sourceTree = "<group>";
		};
		8A11AEC9F4CD53CBA3B43DB9 /* Pods */ = {
			isa = PBXGroup;
			children = (
				E933BA80FA10CB64A3264672 /* Pods-RTFM.debug.xcconfig */,
				AB1FA68045B8B2E39652F83E /* Pods-RTFM.release.xcconfig */,
			);
			path = Pods;
			sourceTree = "<group>";
		};
/* End PBXGroup section */

/* Begin PBXNativeTarget section */
		846869D922AB88FA00970EAB /* RTFM */ = {
			isa = PBXNativeTarget;
			buildConfigurationList = 846869EF22AB88FB00970EAB /* Build configuration list for PBXNativeTarget "RTFM" */;
			buildPhases = (
				F2E899A6816F8EA23E64213A /* [CP] Check Pods Manifest.lock */,
				846869D622AB88FA00970EAB /* Sources */,
				846869D722AB88FA00970EAB /* Frameworks */,
				846869D822AB88FA00970EAB /* Resources */,
				7CE9CD39C655EFBC87E4EC14 /* [CP] Embed Pods Frameworks */,
			);
			buildRules = (
			);
			dependencies = (
			);
			name = RTFM;
			productName = RTFM;
			productReference = 846869DA22AB88FA00970EAB /* RTFM.app */;
			productType = "com.apple.product-type.application";
		};
/* End PBXNativeTarget section */

/* Begin PBXProject section */
		846869D222AB88FA00970EAB /* Project object */ = {
			isa = PBXProject;
			attributes = {
				LastSwiftUpdateCheck = 1020;
				LastUpgradeCheck = 1020;
				ORGANIZATIONNAME = be;
				TargetAttributes = {
					846869D922AB88FA00970EAB = {
						CreatedOnToolsVersion = 10.2.1;
						LastSwiftMigration = 1020;
					};
				};
			};
			buildConfigurationList = 846869D522AB88FA00970EAB /* Build configuration list for PBXProject "RTFM" */;
			compatibilityVersion = "Xcode 9.3";
			developmentRegion = en;
			hasScannedForEncodings = 0;
			knownRegions = (
				en,
				Base,
			);
			mainGroup = 846869D122AB88FA00970EAB;
			productRefGroup = 846869DB22AB88FA00970EAB /* Products */;
			projectDirPath = "";
			projectRoot = "";
			targets = (
				846869D922AB88FA00970EAB /* RTFM */,
			);
		};
/* End PBXProject section */

/* Begin PBXResourcesBuildPhase section */
		846869D822AB88FA00970EAB /* Resources */ = {
			isa = PBXResourcesBuildPhase;
			buildActionMask = 2147483647;
			files = (
				84EF5FAB22ABF5EC001005AA /* Sarabun-SemiBold.ttf in Resources */,
				84EF5FA722ABF15D001005AA /* Sarabun-Regular.ttf in Resources */,
				846869EB22AB88FB00970EAB /* LaunchScreen.storyboard in Resources */,
				846869E822AB88FB00970EAB /* Assets.xcassets in Resources */,
				84EF5FA622ABF15D001005AA /* Sarabun-Italic.ttf in Resources */,
				84EF5FA522ABF15D001005AA /* Sarabun-BoldItalic.ttf in Resources */,
				84EF5FA922ABF1B4001005AA /* Sarabun-Bold.ttf in Resources */,
				846869E322AB88FA00970EAB /* Main.storyboard in Resources */,
			);
			runOnlyForDeploymentPostprocessing = 0;
		};
/* End PBXResourcesBuildPhase section */

/* Begin PBXShellScriptBuildPhase section */
		7CE9CD39C655EFBC87E4EC14 /* [CP] Embed Pods Frameworks */ = {
			isa = PBXShellScriptBuildPhase;
			buildActionMask = 2147483647;
			files = (
			);
			inputFileListPaths = (
			);
			inputPaths = (
				"${PODS_ROOT}/Target Support Files/Pods-RTFM/Pods-RTFM-frameworks.sh",
				"${BUILT_PRODUCTS_DIR}/Alamofire/Alamofire.framework",
				"${BUILT_PRODUCTS_DIR}/CocoaLumberjack/CocoaLumberjack.framework",
				"${BUILT_PRODUCTS_DIR}/KeychainAccess/KeychainAccess.framework",
				"${BUILT_PRODUCTS_DIR}/MBProgressHUD/MBProgressHUD.framework",
				"${BUILT_PRODUCTS_DIR}/PromisesObjC/FBLPromises.framework",
				"${BUILT_PRODUCTS_DIR}/PromisesSwift/Promises.framework",
				"${BUILT_PRODUCTS_DIR}/SDWebImage/SDWebImage.framework",
				"${BUILT_PRODUCTS_DIR}/SwiftProtobuf/SwiftProtobuf.framework",
			);
			name = "[CP] Embed Pods Frameworks";
			outputFileListPaths = (
			);
			outputPaths = (
				"${TARGET_BUILD_DIR}/${FRAMEWORKS_FOLDER_PATH}/Alamofire.framework",
				"${TARGET_BUILD_DIR}/${FRAMEWORKS_FOLDER_PATH}/CocoaLumberjack.framework",
				"${TARGET_BUILD_DIR}/${FRAMEWORKS_FOLDER_PATH}/KeychainAccess.framework",
				"${TARGET_BUILD_DIR}/${FRAMEWORKS_FOLDER_PATH}/MBProgressHUD.framework",
				"${TARGET_BUILD_DIR}/${FRAMEWORKS_FOLDER_PATH}/FBLPromises.framework",
				"${TARGET_BUILD_DIR}/${FRAMEWORKS_FOLDER_PATH}/Promises.framework",
				"${TARGET_BUILD_DIR}/${FRAMEWORKS_FOLDER_PATH}/SDWebImage.framework",
				"${TARGET_BUILD_DIR}/${FRAMEWORKS_FOLDER_PATH}/SwiftProtobuf.framework",
			);
			runOnlyForDeploymentPostprocessing = 0;
			shellPath = /bin/sh;
			shellScript = "\"${PODS_ROOT}/Target Support Files/Pods-RTFM/Pods-RTFM-frameworks.sh\"\n";
			showEnvVarsInLog = 0;
		};
		F2E899A6816F8EA23E64213A /* [CP] Check Pods Manifest.lock */ = {
			isa = PBXShellScriptBuildPhase;
			buildActionMask = 2147483647;
			files = (
			);
			inputFileListPaths = (
			);
			inputPaths = (
				"${PODS_PODFILE_DIR_PATH}/Podfile.lock",
				"${PODS_ROOT}/Manifest.lock",
			);
			name = "[CP] Check Pods Manifest.lock";
			outputFileListPaths = (
			);
			outputPaths = (
				"$(DERIVED_FILE_DIR)/Pods-RTFM-checkManifestLockResult.txt",
			);
			runOnlyForDeploymentPostprocessing = 0;
			shellPath = /bin/sh;
			shellScript = "diff \"${PODS_PODFILE_DIR_PATH}/Podfile.lock\" \"${PODS_ROOT}/Manifest.lock\" > /dev/null\nif [ $? != 0 ] ; then\n    # print error to STDERR\n    echo \"error: The sandbox is not in sync with the Podfile.lock. Run 'pod install' or update your CocoaPods installation.\" >&2\n    exit 1\nfi\n# This output is used by Xcode 'outputs' to avoid re-running this script phase.\necho \"SUCCESS\" > \"${SCRIPT_OUTPUT_FILE_0}\"\n";
			showEnvVarsInLog = 0;
		};
/* End PBXShellScriptBuildPhase section */

/* Begin PBXSourcesBuildPhase section */
		846869D622AB88FA00970EAB /* Sources */ = {
			isa = PBXSourcesBuildPhase;
			buildActionMask = 2147483647;
			files = (
				84EF5FB822AC115B001005AA /* db_models.pb.swift in Sources */,
				84287B7922ACEF4C00A3A234 /* UIViewControllerExtensions.swift in Sources */,
				84EF5FB422AC0F54001005AA /* ApiProtobufResponseModel.swift in Sources */,
				84EF5F8A22AB98CA001005AA /* InternetConnectionManager.swift in Sources */,
				846869E622AB88FA00970EAB /* RTFM.xcdatamodeld in Sources */,
				84EF5F7F22AB950F001005AA /* LocalizationManager.swift in Sources */,
				84EF5F9122ABAC88001005AA /* ApiRequestDecoding.swift in Sources */,
				84287B7B22ACF9E700A3A234 /* RechargeViewController.swift in Sources */,
				846869E022AB88FA00970EAB /* MainViewController.swift in Sources */,
				84EF5FC122AC626B001005AA /* QRCodeManager.swift in Sources */,
				84EF5F9922ABD179001005AA /* MainNavigationViewController.swift in Sources */,
				84EF5FBF22AC3321001005AA /* DayPayments.swift in Sources */,
				84EF5FB622AC0F81001005AA /* ApiSuccessEmptyResponse.swift in Sources */,
				84EF5FB222AC0E47001005AA /* Api.swift in Sources */,
				84EF5F9722ABC4B5001005AA /* UIStoryboardExtensions.swift in Sources */,
				84EF5FC322AC637F001005AA /* QRPresentorViewController.swift in Sources */,
				84EF5FBA22AC16FF001005AA /* empty.pb.swift in Sources */,
				84EF5F8F22AB992D001005AA /* Reachability.m in Sources */,
				84EF5F7A22AB918F001005AA /* ApiHostManager.swift in Sources */,
				84EF5F7C22AB92F0001005AA /* Queue.swift in Sources */,
				84EF5F7422AB8EE9001005AA /* ApiRequest.swift in Sources */,
				84EF5FC522ACE73B001005AA /* PaymentViewController.swift in Sources */,
				846869DE22AB88FA00970EAB /* AppDelegate.swift in Sources */,
				84EF5FB022AC0CE4001005AA /* TransactionsManager.swift in Sources */,
				84EF5F9322ABBA7F001005AA /* DataExtensions.swift in Sources */,
				84EF5F7622AB8F0F001005AA /* BaseError.swift in Sources */,
				84EF5F9F22ABDEB9001005AA /* TransactionsViewController.swift in Sources */,
				84EF5F8622AB9754001005AA /* ApiRequestEncoding.swift in Sources */,
				84EF5F8422AB963D001005AA /* AuthManager.swift in Sources */,
				84EF5F9522ABC44D001005AA /* QRScannerViewController.swift in Sources */,
				84EF5F8822AB9891001005AA /* ApiRequestsQueueManager.swift in Sources */,
				84EF5FBC22AC2DD0001005AA /* other_models.pb.swift in Sources */,
				84EF5F7822AB8F4C001005AA /* ApiResponseModel.swift in Sources */,
				84EF5F8122AB95A6001005AA /* UIDeviceExtensions.swift in Sources */,
			);
			runOnlyForDeploymentPostprocessing = 0;
		};
/* End PBXSourcesBuildPhase section */

/* Begin PBXVariantGroup section */
		846869E122AB88FA00970EAB /* Main.storyboard */ = {
			isa = PBXVariantGroup;
			children = (
				846869E222AB88FA00970EAB /* Base */,
			);
			name = Main.storyboard;
			sourceTree = "<group>";
		};
		846869E922AB88FB00970EAB /* LaunchScreen.storyboard */ = {
			isa = PBXVariantGroup;
			children = (
				846869EA22AB88FB00970EAB /* Base */,
			);
			name = LaunchScreen.storyboard;
			sourceTree = "<group>";
		};
/* End PBXVariantGroup section */

/* Begin XCBuildConfiguration section */
		846869ED22AB88FB00970EAB /* Debug */ = {
			isa = XCBuildConfiguration;
			buildSettings = {
				ALWAYS_SEARCH_USER_PATHS = NO;
				CLANG_ANALYZER_NONNULL = YES;
				CLANG_ANALYZER_NUMBER_OBJECT_CONVERSION = YES_AGGRESSIVE;
				CLANG_CXX_LANGUAGE_STANDARD = "gnu++14";
				CLANG_CXX_LIBRARY = "libc++";
				CLANG_ENABLE_MODULES = YES;
				CLANG_ENABLE_OBJC_ARC = YES;
				CLANG_ENABLE_OBJC_WEAK = YES;
				CLANG_WARN_BLOCK_CAPTURE_AUTORELEASING = YES;
				CLANG_WARN_BOOL_CONVERSION = YES;
				CLANG_WARN_COMMA = YES;
				CLANG_WARN_CONSTANT_CONVERSION = YES;
				CLANG_WARN_DEPRECATED_OBJC_IMPLEMENTATIONS = YES;
				CLANG_WARN_DIRECT_OBJC_ISA_USAGE = YES_ERROR;
				CLANG_WARN_DOCUMENTATION_COMMENTS = YES;
				CLANG_WARN_EMPTY_BODY = YES;
				CLANG_WARN_ENUM_CONVERSION = YES;
				CLANG_WARN_INFINITE_RECURSION = YES;
				CLANG_WARN_INT_CONVERSION = YES;
				CLANG_WARN_NON_LITERAL_NULL_CONVERSION = YES;
				CLANG_WARN_OBJC_IMPLICIT_RETAIN_SELF = YES;
				CLANG_WARN_OBJC_LITERAL_CONVERSION = YES;
				CLANG_WARN_OBJC_ROOT_CLASS = YES_ERROR;
				CLANG_WARN_RANGE_LOOP_ANALYSIS = YES;
				CLANG_WARN_STRICT_PROTOTYPES = YES;
				CLANG_WARN_SUSPICIOUS_MOVE = YES;
				CLANG_WARN_UNGUARDED_AVAILABILITY = YES_AGGRESSIVE;
				CLANG_WARN_UNREACHABLE_CODE = YES;
				CLANG_WARN__DUPLICATE_METHOD_MATCH = YES;
				CODE_SIGN_IDENTITY = "iPhone Developer";
				COPY_PHASE_STRIP = NO;
				DEBUG_INFORMATION_FORMAT = dwarf;
				ENABLE_STRICT_OBJC_MSGSEND = YES;
				ENABLE_TESTABILITY = YES;
				GCC_C_LANGUAGE_STANDARD = gnu11;
				GCC_DYNAMIC_NO_PIC = NO;
				GCC_NO_COMMON_BLOCKS = YES;
				GCC_OPTIMIZATION_LEVEL = 0;
				GCC_PREPROCESSOR_DEFINITIONS = (
					"DEBUG=1",
					"$(inherited)",
				);
				GCC_WARN_64_TO_32_BIT_CONVERSION = YES;
				GCC_WARN_ABOUT_RETURN_TYPE = YES_ERROR;
				GCC_WARN_UNDECLARED_SELECTOR = YES;
				GCC_WARN_UNINITIALIZED_AUTOS = YES_AGGRESSIVE;
				GCC_WARN_UNUSED_FUNCTION = YES;
				GCC_WARN_UNUSED_VARIABLE = YES;
				IPHONEOS_DEPLOYMENT_TARGET = 12.2;
				MTL_ENABLE_DEBUG_INFO = INCLUDE_SOURCE;
				MTL_FAST_MATH = YES;
				ONLY_ACTIVE_ARCH = YES;
				SDKROOT = iphoneos;
				SWIFT_ACTIVE_COMPILATION_CONDITIONS = DEBUG;
				SWIFT_OPTIMIZATION_LEVEL = "-Onone";
			};
			name = Debug;
		};
		846869EE22AB88FB00970EAB /* Release */ = {
			isa = XCBuildConfiguration;
			buildSettings = {
				ALWAYS_SEARCH_USER_PATHS = NO;
				CLANG_ANALYZER_NONNULL = YES;
				CLANG_ANALYZER_NUMBER_OBJECT_CONVERSION = YES_AGGRESSIVE;
				CLANG_CXX_LANGUAGE_STANDARD = "gnu++14";
				CLANG_CXX_LIBRARY = "libc++";
				CLANG_ENABLE_MODULES = YES;
				CLANG_ENABLE_OBJC_ARC = YES;
				CLANG_ENABLE_OBJC_WEAK = YES;
				CLANG_WARN_BLOCK_CAPTURE_AUTORELEASING = YES;
				CLANG_WARN_BOOL_CONVERSION = YES;
				CLANG_WARN_COMMA = YES;
				CLANG_WARN_CONSTANT_CONVERSION = YES;
				CLANG_WARN_DEPRECATED_OBJC_IMPLEMENTATIONS = YES;
				CLANG_WARN_DIRECT_OBJC_ISA_USAGE = YES_ERROR;
				CLANG_WARN_DOCUMENTATION_COMMENTS = YES;
				CLANG_WARN_EMPTY_BODY = YES;
				CLANG_WARN_ENUM_CONVERSION = YES;
				CLANG_WARN_INFINITE_RECURSION = YES;
				CLANG_WARN_INT_CONVERSION = YES;
				CLANG_WARN_NON_LITERAL_NULL_CONVERSION = YES;
				CLANG_WARN_OBJC_IMPLICIT_RETAIN_SELF = YES;
				CLANG_WARN_OBJC_LITERAL_CONVERSION = YES;
				CLANG_WARN_OBJC_ROOT_CLASS = YES_ERROR;
				CLANG_WARN_RANGE_LOOP_ANALYSIS = YES;
				CLANG_WARN_STRICT_PROTOTYPES = YES;
				CLANG_WARN_SUSPICIOUS_MOVE = YES;
				CLANG_WARN_UNGUARDED_AVAILABILITY = YES_AGGRESSIVE;
				CLANG_WARN_UNREACHABLE_CODE = YES;
				CLANG_WARN__DUPLICATE_METHOD_MATCH = YES;
				CODE_SIGN_IDENTITY = "iPhone Developer";
				COPY_PHASE_STRIP = NO;
				DEBUG_INFORMATION_FORMAT = "dwarf-with-dsym";
				ENABLE_NS_ASSERTIONS = NO;
				ENABLE_STRICT_OBJC_MSGSEND = YES;
				GCC_C_LANGUAGE_STANDARD = gnu11;
				GCC_NO_COMMON_BLOCKS = YES;
				GCC_WARN_64_TO_32_BIT_CONVERSION = YES;
				GCC_WARN_ABOUT_RETURN_TYPE = YES_ERROR;
				GCC_WARN_UNDECLARED_SELECTOR = YES;
				GCC_WARN_UNINITIALIZED_AUTOS = YES_AGGRESSIVE;
				GCC_WARN_UNUSED_FUNCTION = YES;
				GCC_WARN_UNUSED_VARIABLE = YES;
				IPHONEOS_DEPLOYMENT_TARGET = 12.2;
				MTL_ENABLE_DEBUG_INFO = NO;
				MTL_FAST_MATH = YES;
				SDKROOT = iphoneos;
				SWIFT_COMPILATION_MODE = wholemodule;
				SWIFT_OPTIMIZATION_LEVEL = "-O";
				VALIDATE_PRODUCT = YES;
			};
			name = Release;
		};
		846869F022AB88FB00970EAB /* Debug */ = {
			isa = XCBuildConfiguration;
			baseConfigurationReference = E933BA80FA10CB64A3264672 /* Pods-RTFM.debug.xcconfig */;
			buildSettings = {
				ASSETCATALOG_COMPILER_APPICON_NAME = AppIcon;
				CLANG_ENABLE_MODULES = YES;
				CODE_SIGN_STYLE = Automatic;
				DEVELOPMENT_TEAM = N33586GXQE;
				INFOPLIST_FILE = RTFM/Info.plist;
				IPHONEOS_DEPLOYMENT_TARGET = 11.0;
				LD_RUNPATH_SEARCH_PATHS = (
					"$(inherited)",
					"@executable_path/Frameworks",
				);
				PRODUCT_BUNDLE_IDENTIFIER = info.givemeapp.be.RTFM;
				PRODUCT_NAME = "$(TARGET_NAME)";
				SWIFT_OBJC_BRIDGING_HEADER = "RTFM/RTFM-Bridging-Header.h";
				SWIFT_OPTIMIZATION_LEVEL = "-Onone";
				SWIFT_VERSION = 5.0;
				TARGETED_DEVICE_FAMILY = "1,2";
			};
			name = Debug;
		};
		846869F122AB88FB00970EAB /* Release */ = {
			isa = XCBuildConfiguration;
			baseConfigurationReference = AB1FA68045B8B2E39652F83E /* Pods-RTFM.release.xcconfig */;
			buildSettings = {
				ASSETCATALOG_COMPILER_APPICON_NAME = AppIcon;
				CLANG_ENABLE_MODULES = YES;
				CODE_SIGN_STYLE = Automatic;
				DEVELOPMENT_TEAM = N33586GXQE;
				INFOPLIST_FILE = RTFM/Info.plist;
				IPHONEOS_DEPLOYMENT_TARGET = 11.0;
				LD_RUNPATH_SEARCH_PATHS = (
					"$(inherited)",
					"@executable_path/Frameworks",
				);
				PRODUCT_BUNDLE_IDENTIFIER = info.givemeapp.be.RTFM;
				PRODUCT_NAME = "$(TARGET_NAME)";
				SWIFT_OBJC_BRIDGING_HEADER = "RTFM/RTFM-Bridging-Header.h";
				SWIFT_VERSION = 5.0;
				TARGETED_DEVICE_FAMILY = "1,2";
			};
			name = Release;
		};
/* End XCBuildConfiguration section */

/* Begin XCConfigurationList section */
		846869D522AB88FA00970EAB /* Build configuration list for PBXProject "RTFM" */ = {
			isa = XCConfigurationList;
			buildConfigurations = (
				846869ED22AB88FB00970EAB /* Debug */,
				846869EE22AB88FB00970EAB /* Release */,
			);
			defaultConfigurationIsVisible = 0;
			defaultConfigurationName = Release;
		};
		846869EF22AB88FB00970EAB /* Build configuration list for PBXNativeTarget "RTFM" */ = {
			isa = XCConfigurationList;
			buildConfigurations = (
				846869F022AB88FB00970EAB /* Debug */,
				846869F122AB88FB00970EAB /* Release */,
			);
			defaultConfigurationIsVisible = 0;
			defaultConfigurationName = Release;
		};
/* End XCConfigurationList section */

/* Begin XCVersionGroup section */
		846869E422AB88FA00970EAB /* RTFM.xcdatamodeld */ = {
			isa = XCVersionGroup;
			children = (
				846869E522AB88FA00970EAB /* RTFM.xcdatamodel */,
			);
			currentVersion = 846869E522AB88FA00970EAB /* RTFM.xcdatamodel */;
			path = RTFM.xcdatamodeld;
			sourceTree = "<group>";
			versionGroupType = wrapper.xcdatamodel;
		};
/* End XCVersionGroup section */
	};
	rootObject = 846869D222AB88FA00970EAB /* Project object */;
}
